
Microsoft Visual Studio Solution File, Format Version 12.00
# Visual Studio 15
VisualStudioVersion = 15.0.27703.2042
MinimumVisualStudioVersion = 10.0.40219.1
Project("{FAE04EC0-301F-11D3-BF4B-00C04F79EFBC}") = "TheHome", "TheHome\TheHome.csproj", "{C6705A35-9B6B-42FA-8AC2-AE6DF818FE8A}"
EndProject
Global
	GlobalSection(SolutionConfigurationPlatforms) = preSolution
		Debug|Any CPU = Debug|Any CPU
		Release|Any CPU = Release|Any CPU
	EndGlobalSection
	GlobalSection(ProjectConfigurationPlatforms) = postSolution
		{C6705A35-9B6B-42FA-8AC2-AE6DF818FE8A}.Debug|Any CPU.ActiveCfg = Debug|Any CPU
		{C6705A35-9B6B-42FA-8AC2-AE6DF818FE8A}.Debug|Any CPU.Build.0 = Debug|Any CPU
		{C6705A35-9B6B-42FA-8AC2-AE6DF818FE8A}.Release|Any CPU.ActiveCfg = Release|Any CPU
		{C6705A35-9B6B-42FA-8AC2-AE6DF818FE8A}.Release|Any CPU.Build.0 = Release|Any CPU
	EndGlobalSection
	GlobalSection(SolutionProperties) = preSolution
		HideSolutionNode = FALSE
	EndGlobalSection
	GlobalSection(ExtensibilityGlobals) = postSolution
		SolutionGuid = {020AE2A1-6576-4277-A75B-9A3EA530B2E6}
	EndGlobalSection
EndGlobal
